
Microsoft Visual Studio Solution File, Format Version 12.00
# Visual Studio Version 17
VisualStudioVersion = 17.2.32519.379
MinimumVisualStudioVersion = 10.0.40219.1
Project("{FAE04EC0-301F-11D3-BF4B-00C04F79EFBC}") = "th2patchlauncher", "th2patchlauncher\th2patchlauncher.csproj", "{B4D73D3D-7932-406A-9DC7-2CE490C8B1EF}"
EndProject
Global
	GlobalSection(SolutionConfigurationPlatforms) = preSolution
		Debug|Any CPU = Debug|Any CPU
		Release|Any CPU = Release|Any CPU
	EndGlobalSection
	GlobalSection(ProjectConfigurationPlatforms) = postSolution
		{B4D73D3D-7932-406A-9DC7-2CE490C8B1EF}.Debug|Any CPU.ActiveCfg = Debug|Any CPU
		{B4D73D3D-7932-406A-9DC7-2CE490C8B1EF}.Debug|Any CPU.Build.0 = Debug|Any CPU
		{B4D73D3D-7932-406A-9DC7-2CE490C8B1EF}.Release|Any CPU.ActiveCfg = Release|Any CPU
		{B4D73D3D-7932-406A-9DC7-2CE490C8B1EF}.Release|Any CPU.Build.0 = Release|Any CPU
	EndGlobalSection
	GlobalSection(SolutionProperties) = preSolution
		HideSolutionNode = FALSE
	EndGlobalSection
	GlobalSection(ExtensibilityGlobals) = postSolution
		SolutionGuid = {217F9357-5767-4EE9-82EC-01604F1DFB9A}
	EndGlobalSection
EndGlobal
