<?xml version="1.0" encoding="utf-8"?>
<Project ToolsVersion="4.0" xmlns="http://schemas.microsoft.com/developer/msbuild/2003">
  <ItemGroup>
    <Filter Include="Source Files">
      <UniqueIdentifier>{4FC737F1-C7A5-4376-A066-2A32D752A2FF}</UniqueIdentifier>
      <Extensions>cpp;c;cc;cxx;def;odl;idl;hpj;bat;asm;asmx</Extensions>
    </Filter>
    <Filter Include="Header Files">
      <UniqueIdentifier>{93995380-89BD-4b04-88EB-625FBE52EBFB}</UniqueIdentifier>
      <Extensions>h;hh;hpp;hxx;hm;inl;inc;xsd</Extensions>
    </Filter>
    <Filter Include="Resource Files">
      <UniqueIdentifier>{67DA6AB6-F800-4c08-8B7A-83BB121AAD01}</UniqueIdentifier>
      <Extensions>rc;ico;cur;bmp;dlg;rc2;rct;bin;rgs;gif;jpg;jpeg;jpe;resx;tiff;tif;png;wav;mfcribbon-ms</Extensions>
    </Filter>
  </ItemGroup>
  <ItemGroup>
    <ClInclude Include="stdafx.h">
      <Filter>Header Files</Filter>
    </ClInclude>
    <ClInclude Include="hawk2.h">
      <Filter>Header Files</Filter>
    </ClInclude>
    <ClInclude Include="THawk2\_old.h">
      <Filter>Header Files</Filter>
    </ClInclude>
    <ClInclude Include="hawk2_utils.h">
      <Filter>Header Files</Filter>
    </ClInclude>
    <ClInclude Include="patchStuff.h">
      <Filter>Header Files</Filter>
    </ClInclude>
    <ClInclude Include="cpatch.h">
      <Filter>Header Files</Filter>
    </ClInclude>
    <ClInclude Include="color.h">
      <Filter>Header Files</Filter>
    </ClInclude>
    <ClInclude Include="GameOptions.h">
      <Filter>Header Files</Filter>
    </ClInclude>
    <ClInclude Include="lib\INI\IniReader.h">
      <Filter>Header Files</Filter>
    </ClInclude>
    <ClInclude Include="lib\SQLite\sqlite3.h">
      <Filter>Header Files</Filter>
    </ClInclude>
    <ClInclude Include="lib\XInput\CXBOXController.h">
      <Filter>Header Files</Filter>
    </ClInclude>
    <ClInclude Include="lib\INI\IniWriter.h">
      <Filter>Header Files</Filter>
    </ClInclude>
    <ClInclude Include="THawk2\Mess.h">
      <Filter>Header Files</Filter>
    </ClInclude>
    <ClInclude Include="THawk2\LoadingScreen.h">
      <Filter>Header Files</Filter>
    </ClInclude>
    <ClInclude Include="THawk2\Career.h">
      <Filter>Header Files</Filter>
    </ClInclude>
    <ClInclude Include="THawk2\Redbook.h">
      <Filter>Header Files</Filter>
    </ClInclude>
    <ClInclude Include="thawk2\Sfx.h">
      <Filter>Header Files</Filter>
    </ClInclude>
    <ClInclude Include="mydebug.h">
      <Filter>Header Files</Filter>
    </ClInclude>
    <ClInclude Include="thawk2\Soundlib.h">
      <Filter>Header Files</Filter>
    </ClInclude>
    <ClInclude Include="thawk2\Globals.h">
      <Filter>Header Files</Filter>
    </ClInclude>
    <ClInclude Include="thawk2\PCInput.h">
      <Filter>Header Files</Filter>
    </ClInclude>
    <ClInclude Include="thawk2\Flash.h">
      <Filter>Header Files</Filter>
    </ClInclude>
    <ClInclude Include="thawk2\Physics.h">
      <Filter>Header Files</Filter>
    </ClInclude>
    <ClInclude Include="thawk2\types.h">
      <Filter>Header Files</Filter>
    </ClInclude>
    <ClInclude Include="thawk2\WinMain.h">
      <Filter>Header Files</Filter>
    </ClInclude>
    <ClInclude Include="thawk2\Shatter.h">
      <Filter>Header Files</Filter>
    </ClInclude>
  </ItemGroup>
  <ItemGroup>
    <ClCompile Include="stdafx.cpp">
      <Filter>Source Files</Filter>
    </ClCompile>
    <ClCompile Include="hawk2.cpp">
      <Filter>Source Files</Filter>
    </ClCompile>
    <ClCompile Include="hawk2_utils.cpp">
      <Filter>Source Files</Filter>
    </ClCompile>
    <ClCompile Include="patchStuff.cpp">
      <Filter>Source Files</Filter>
    </ClCompile>
    <ClCompile Include="GameOptions.cpp">
      <Filter>Source Files</Filter>
    </ClCompile>
    <ClCompile Include="lib\INI\IniReader.cpp">
      <Filter>Source Files</Filter>
    </ClCompile>
    <ClCompile Include="lib\XInput\CXBOXController.cpp">
      <Filter>Source Files</Filter>
    </ClCompile>
    <ClCompile Include="lib\INI\IniWriter.cpp">
      <Filter>Source Files</Filter>
    </ClCompile>
    <ClCompile Include="THawk2\Mem.h">
      <Filter>Source Files</Filter>
    </ClCompile>
    <ClCompile Include="THawk2\FileIO.h">
      <Filter>Source Files</Filter>
    </ClCompile>
    <ClCompile Include="THawk2\Pad.h">
      <Filter>Source Files</Filter>
    </ClCompile>
    <ClCompile Include="mydebug.cpp">
      <Filter>Source Files</Filter>
    </ClCompile>
    <ClCompile Include="thawk2\Mess.cpp">
      <Filter>Source Files</Filter>
    </ClCompile>
    <ClCompile Include="Checksum.cpp">
      <Filter>Source Files</Filter>
    </ClCompile>
    <ClCompile Include="thawk2\Career.cpp">
      <Filter>Source Files</Filter>
    </ClCompile>
    <ClCompile Include="thawk2\Globals.cpp">
      <Filter>Source Files</Filter>
    </ClCompile>
    <ClCompile Include="thawk2\WinMain.cpp">
      <Filter>Source Files</Filter>
    </ClCompile>
  </ItemGroup>
  <ItemGroup>
    <None Include="hawk2.def">
      <Filter>Source Files</Filter>
    </None>
    <None Include="lib\SQLite\sqlite3.exp" />
    <None Include="THawk2\readme.md" />
    <None Include="lib\sqlite\readme.md" />
    <None Include="lib\readme.md" />
    <None Include="info\hooking_tutorial.md" />
  </ItemGroup>
  <ItemGroup>
    <Library Include="lib\SQLite\sqlite3.lib" />
  </ItemGroup>
  <ItemGroup>
    <Text Include="info\THawk2_source_names.txt" />
    <Text Include="lib\ini\readme.md" />
    <Text Include="lib\xinput\readme.md" />
  </ItemGroup>
</Project>